{
  "requires": true,
  "lockfileVersion": 1,
  "dependencies": {
    "@babel/runtime": {
      "version": "7.12.5",
      "resolved": "https://registry.npmjs.org/@babel/runtime/-/runtime-7.12.5.tgz",
      "integrity": "sha512-plcc+hbExy3McchJCEQG3knOsuh3HH+Prx1P6cLIkET/0dLuQDEnrT+s27Axgc9bqfsmNUNHfscgMUdBpC9xfg==",
      "requires": {
        "regenerator-runtime": "^0.13.4"
      }
    },
    "@froalacharts/charts": {
      "version": "1.0.0",
      "resolved": "https://registry.npmjs.org/@froalacharts/charts/-/charts-1.0.0.tgz",
      "integrity": "sha512-YMbQOm2rx5h8+bLtIEMPMs4xM+QLCVxjkCL9nPakdxBlTZi2TggC+vM3UGZ6CajAX9p07MFiuKdyM/t+KjYNKw==",
      "requires": {
        "@babel/runtime": "^7.9.2",
        "@froalacharts/core": "^1.0.0",
        "@froalacharts/features": "^1.0.0",
        "@froalacharts/utils": "^1.0.0"
      }
    },
    "@froalacharts/constructor": {
      "version": "1.0.0",
      "resolved": "https://registry.npmjs.org/@froalacharts/constructor/-/constructor-1.0.0.tgz",
      "integrity": "sha512-8k03GsNoCGFA9aPYukg09E+aGwJXarMe3VBA6slLRP97//UiuFJfu5WlOatzJk40LNHP8DluKIZznBg+BB/tmw==",
      "requires": {
        "@babel/runtime": "^7.9.2",
        "@froalacharts/core": "^1.0.0"
      }
    },
    "@froalacharts/core": {
      "version": "1.0.0",
      "resolved": "https://registry.npmjs.org/@froalacharts/core/-/core-1.0.0.tgz",
      "integrity": "sha512-2cz9o9oxiafJtIres5rhx4GAUonWudq29wLDBPBK4JDefMy3sB5wcJJGRHvjISerTJU4hiLpi1hpAMpqy5kfQQ==",
      "requires": {
        "@babel/runtime": "^7.9.2",
        "@froalacharts/utils": "^1.0.0",
        "core-js": "^3.0.1",
        "ramda": "^0.25.0"
      }
    },
    "@froalacharts/datatable": {
      "version": "1.0.0",
      "resolved": "https://registry.npmjs.org/@froalacharts/datatable/-/datatable-1.0.0.tgz",
      "integrity": "sha512-8mHbOlQ9CHoFi7n54ZPbtJ4ZBRYAGPkmV4gKDSQbkc7gtj7YU633cIkJsl/F8DgONQbLjk7c1nNF9Dln0OB20g==",
      "requires": {
        "@babel/runtime": "^7.9.2",
        "@froalacharts/utils": "^1.0.0"
      }
    },
    "@froalacharts/features": {
      "version": "1.0.0",
      "resolved": "https://registry.npmjs.org/@froalacharts/features/-/features-1.0.0.tgz",
      "integrity": "sha512-8zXuDr/JljZTn8g4DlM+91CtZTNf1tcfVLV2EWgDApOIivgAa1WiYtL7SW2SeJvujQpH1FZ286GuuinNzlgchA==",
      "requires": {
        "@babel/runtime": "^7.9.2",
        "@froalacharts/core": "^1.0.0",
        "@froalacharts/utils": "^1.0.0"
      }
    },
    "@froalacharts/fusiontime": {
      "version": "1.0.0",
      "resolved": "https://registry.npmjs.org/@froalacharts/fusiontime/-/fusiontime-1.0.0.tgz",
      "integrity": "sha512-RM00N1eMT+uiKZIYZvE7Dt1cQXzUATyjCyVDdCtsueyXeiEzLmGH3d8C97Uqo2gElCevr52R/LU27mYlBIKtxg==",
      "requires": {
        "@babel/runtime": "^7.9.2",
        "@froalacharts/charts": "^1.0.0",
        "@froalacharts/core": "^1.0.0",
        "@froalacharts/datatable": "^1.0.0",
        "@froalacharts/utils": "^1.0.0",
        "ramda": "^0.25.0"
      }
    },
    "@froalacharts/powercharts": {
      "version": "1.0.0",
      "resolved": "https://registry.npmjs.org/@froalacharts/powercharts/-/powercharts-1.0.0.tgz",
      "integrity": "sha512-0h/Qlol3tCuVm4jseNMULGQ4z/0GUL2PGSM/ZrVmMtSwM9UOm8uOfObG2MDEBvOzs9zGmBOK9hfXf8hGOxpbUg==",
      "requires": {
        "@babel/runtime": "^7.9.2",
        "@froalacharts/charts": "^1.0.0",
        "@froalacharts/core": "^1.0.0",
        "@froalacharts/utils": "^1.0.0"
      }
    },
    "@froalacharts/utils": {
      "version": "1.0.0",
      "resolved": "https://registry.npmjs.org/@froalacharts/utils/-/utils-1.0.0.tgz",
      "integrity": "sha512-gv5pYRMIWLXPFuFkNYCIybEPMlTRTOn+p67Dn5ZFmRA8dlj0WJeljgJecfa+cuOv521AZTGpZne6yBJyYCk6sw==",
      "requires": {
        "@babel/runtime": "^7.9.2",
        "ramda": "^0.25.0"
      }
    },
    "@froalacharts/widgets": {
      "version": "1.0.0",
      "resolved": "https://registry.npmjs.org/@froalacharts/widgets/-/widgets-1.0.0.tgz",
      "integrity": "sha512-Dh48F89M1Yy/r82zqysQ/pEQXmvbiUtRzh+whHcYJ7pNamwEa5pjglhrYCAhORztBOOkXIrHdBzM4qVInX7+zQ==",
      "requires": {
        "@babel/runtime": "^7.9.2",
        "@froalacharts/charts": "^1.0.0",
        "@froalacharts/constructor": "^1.0.0",
        "@froalacharts/core": "^1.0.0",
        "@froalacharts/features": "^1.0.0",
        "@froalacharts/utils": "^1.0.0"
      }
    },
    "core-js": {
      "version": "3.7.0",
      "resolved": "https://registry.npmjs.org/core-js/-/core-js-3.7.0.tgz",
      "integrity": "sha512-NwS7fI5M5B85EwpWuIwJN4i/fbisQUwLwiSNUWeXlkAZ0sbBjLEvLvFLf1uzAUV66PcEPt4xCGCmOZSxVf3xzA=="
    },
    "froalacharts": {
      "version": "1.0.0",
      "resolved": "https://registry.npmjs.org/froalacharts/-/froalacharts-1.0.0.tgz",
      "integrity": "sha512-vqQsmprKU5EsM8YA2a+Q0TK1XTsXu5D+cL3PsPDY3rfPd3BUT8H7nlUETwTVhoBzRUcF+8ZwHggDPosGBk9nXg==",
      "requires": {
        "@babel/runtime": "^7.9.2",
        "@froalacharts/charts": "^1.0.0",
        "@froalacharts/constructor": "^1.0.0",
        "@froalacharts/core": "^1.0.0",
        "@froalacharts/datatable": "^1.0.0",
        "@froalacharts/features": "^1.0.0",
        "@froalacharts/fusiontime": "^1.0.0",
        "@froalacharts/powercharts": "^1.0.0",
        "@froalacharts/utils": "^1.0.0",
        "@froalacharts/widgets": "^1.0.0",
        "mutationobserver-shim": "^0.3.5",
        "promise-polyfill": "^8.1.3"
      }
    },
    "mutationobserver-shim": {
      "version": "0.3.7",
      "resolved": "https://registry.npmjs.org/mutationobserver-shim/-/mutationobserver-shim-0.3.7.tgz",
      "integrity": "sha512-oRIDTyZQU96nAiz2AQyngwx1e89iApl2hN5AOYwyxLUB47UYsU3Wv9lJWqH5y/QdiYkc5HQLi23ZNB3fELdHcQ=="
    },
    "promise-polyfill": {
      "version": "8.2.0",
      "resolved": "https://registry.npmjs.org/promise-polyfill/-/promise-polyfill-8.2.0.tgz",
      "integrity": "sha512-k/TC0mIcPVF6yHhUvwAp7cvL6I2fFV7TzF1DuGPI8mBh4QQazf36xCKEHKTZKRysEoTQoQdKyP25J8MPJp7j5g=="
    },
    "ramda": {
      "version": "0.25.0",
      "resolved": "https://registry.npmjs.org/ramda/-/ramda-0.25.0.tgz",
      "integrity": "sha512-GXpfrYVPwx3K7RQ6aYT8KPS8XViSXUVJT1ONhoKPE9VAleW42YE+U+8VEyGWt41EnEQW7gwecYJriTI0pKoecQ=="
    },
    "react-froalacharts": {
      "version": "1.0.0",
      "resolved": "https://registry.npmjs.org/react-froalacharts/-/react-froalacharts-1.0.0.tgz",
      "integrity": "sha512-skA1C8UxSkkDCKXeiXOzK75Yb9DZSFzNi7Q5Lu4BKsoGFH+OiVkEtTEHinV1o4cpo9DFEFL1+l7vzKWw/wBdpA==",
      "requires": {
        "uuid": "^3.2.1"
      }
    },
    "regenerator-runtime": {
      "version": "0.13.7",
      "resolved": "https://registry.npmjs.org/regenerator-runtime/-/regenerator-runtime-0.13.7.tgz",
      "integrity": "sha512-a54FxoJDIr27pgf7IgeQGxmqUNYrcV338lf/6gH456HZ/PhX+5BcwHXG9ajESmwe6WRO0tAzRUrRmNONWgkrew=="
    },
    "uuid": {
      "version": "3.4.0",
      "resolved": "https://registry.npmjs.org/uuid/-/uuid-3.4.0.tgz",
      "integrity": "sha512-HjSDRw6gZE5JMggctHBcjVak08+KEVhSIiDzFnT9S9aegmp85S/bReBVTb4QTFaRNptJ9kuYaNhnbNEOkbKb/A=="
    }
  }
}
